// !$*UTF8*$!
{
	archiveVersion = 1;
	classes = {
	};
	objectVersion = 56;
	objects = {

/* Begin PBXBuildFile section */
		2A31823B2C19AFDF00AFF78C /* AppDelegate.swift in Sources */ = {isa = PBXBuildFile; fileRef = 2A31823A2C19AFDF00AFF78C /* AppDelegate.swift */; };
		2A31823D2C19AFDF00AFF78C /* SceneDelegate.swift in Sources */ = {isa = PBXBuildFile; fileRef = 2A31823C2C19AFDF00AFF78C /* SceneDelegate.swift */; };
		2A31823F2C19AFDF00AFF78C /* MusicViewController.swift in Sources */ = {isa = PBXBuildFile; fileRef = 2A31823E2C19AFDF00AFF78C /* MusicViewController.swift */; };
		2A3182442C19AFE100AFF78C /* Assets.xcassets in Resources */ = {isa = PBXBuildFile; fileRef = 2A3182432C19AFE100AFF78C /* Assets.xcassets */; };
		2A3182472C19AFE100AFF78C /* LaunchScreen.storyboard in Resources */ = {isa = PBXBuildFile; fileRef = 2A3182452C19AFE100AFF78C /* LaunchScreen.storyboard */; };
		2A31824F2C19B1C500AFF78C /* MusicTableViewCell.swift in Sources */ = {isa = PBXBuildFile; fileRef = 2A31824E2C19B1C500AFF78C /* MusicTableViewCell.swift */; };
		2A3182512C19B1D700AFF78C /* PlayerViewController.swift in Sources */ = {isa = PBXBuildFile; fileRef = 2A3182502C19B1D700AFF78C /* PlayerViewController.swift */; };
		2A3182532C19B1FB00AFF78C /* UIView+Extension.swift in Sources */ = {isa = PBXBuildFile; fileRef = 2A3182522C19B1FB00AFF78C /* UIView+Extension.swift */; };
		2A3182632C19B26800AFF78C /* ARavenFromKingsLanding.mp3 in Resources */ = {isa = PBXBuildFile; fileRef = 2A3182552C19B26700AFF78C /* ARavenFromKingsLanding.mp3 */; };
		2A3182642C19B26800AFF78C /* MainTitle.mp3 in Resources */ = {isa = PBXBuildFile; fileRef = 2A3182562C19B26700AFF78C /* MainTitle.mp3 */; };
		2A3182652C19B26800AFF78C /* HouseofBlackandWhite.mp3 in Resources */ = {isa = PBXBuildFile; fileRef = 2A3182572C19B26800AFF78C /* HouseofBlackandWhite.mp3 */; };
		2A3182662C19B26800AFF78C /* WarriorOfLight.mp3 in Resources */ = {isa = PBXBuildFile; fileRef = 2A3182582C19B26800AFF78C /* WarriorOfLight.mp3 */; };
		2A3182672C19B26800AFF78C /* BloodOfTheDragon.mp3 in Resources */ = {isa = PBXBuildFile; fileRef = 2A3182592C19B26800AFF78C /* BloodOfTheDragon.mp3 */; };
		2A3182682C19B26800AFF78C /* TheRedWoman.mp3 in Resources */ = {isa = PBXBuildFile; fileRef = 2A31825A2C19B26800AFF78C /* TheRedWoman.mp3 */; };
		2A3182692C19B26800AFF78C /* TheOldGodsAndTheNew.mp3 in Resources */ = {isa = PBXBuildFile; fileRef = 2A31825B2C19B26800AFF78C /* TheOldGodsAndTheNew.mp3 */; };
		2A31826A2C19B26800AFF78C /* Khaleesi.mp3 in Resources */ = {isa = PBXBuildFile; fileRef = 2A31825C2C19B26800AFF78C /* Khaleesi.mp3 */; };
		2A31826B2C19B26800AFF78C /* MotherOfDragons.mp3 in Resources */ = {isa = PBXBuildFile; fileRef = 2A31825D2C19B26800AFF78C /* MotherOfDragons.mp3 */; };
		2A31826C2C19B26800AFF78C /* LightoftheSeven.mp3 in Resources */ = {isa = PBXBuildFile; fileRef = 2A31825E2C19B26800AFF78C /* LightoftheSeven.mp3 */; };
		2A31826D2C19B26800AFF78C /* Finale.mp3 in Resources */ = {isa = PBXBuildFile; fileRef = 2A31825F2C19B26800AFF78C /* Finale.mp3 */; };
		2A31826E2C19B26800AFF78C /* WinterIsHere.mp3 in Resources */ = {isa = PBXBuildFile; fileRef = 2A3182602C19B26800AFF78C /* WinterIsHere.mp3 */; };
		2A31826F2C19B26800AFF78C /* DanceOfDragons.mp3 in Resources */ = {isa = PBXBuildFile; fileRef = 2A3182612C19B26800AFF78C /* DanceOfDragons.mp3 */; };
		2A3182702C19B26800AFF78C /* Mhysa.mp3 in Resources */ = {isa = PBXBuildFile; fileRef = 2A3182622C19B26800AFF78C /* Mhysa.mp3 */; };
		2A3182722C19B2B500AFF78C /* Model.swift in Sources */ = {isa = PBXBuildFile; fileRef = 2A3182712C19B2B500AFF78C /* Model.swift */; };
		2A31829D2C19C00000AFF78C /* Game of Thrones.ttf in Resources */ = {isa = PBXBuildFile; fileRef = 2A31829C2C19C00000AFF78C /* Game of Thrones.ttf */; };
		2A3182A02C19C0EC00AFF78C /* UIFont+Extension.swift in Sources */ = {isa = PBXBuildFile; fileRef = 2A31829F2C19C0EC00AFF78C /* UIFont+Extension.swift */; };
		2A7F7E732C70B3AF00FF8BAB /* PlayerView.swift in Sources */ = {isa = PBXBuildFile; fileRef = 2A7F7E722C70B3AF00FF8BAB /* PlayerView.swift */; };
		2A7F7E752C70B60E00FF8BAB /* PlayerViewViewModel.swift in Sources */ = {isa = PBXBuildFile; fileRef = 2A7F7E742C70B60E00FF8BAB /* PlayerViewViewModel.swift */; };
		2AC519772C5CE70300463692 /* MusicListController.swift in Sources */ = {isa = PBXBuildFile; fileRef = 2AC519762C5CE70300463692 /* MusicListController.swift */; };
		2AC519792C5CE78000463692 /* MusicListView.swift in Sources */ = {isa = PBXBuildFile; fileRef = 2AC519782C5CE78000463692 /* MusicListView.swift */; };
		2AC5197C2C5CE86B00463692 /* MusicListViewModel.swift in Sources */ = {isa = PBXBuildFile; fileRef = 2AC5197B2C5CE86B00463692 /* MusicListViewModel.swift */; };
		2AC5197E2C5D148A00463692 /* MusicListTableViewCellViewModel.swift in Sources */ = {isa = PBXBuildFile; fileRef = 2AC5197D2C5D148A00463692 /* MusicListTableViewCellViewModel.swift */; };
/* End PBXBuildFile section */

/* Begin PBXFileReference section */
		2A3182372C19AFDF00AFF78C /* GameOfThronesMusicPlayerMVVM.app */ = {isa = PBXFileReference; explicitFileType = wrapper.application; includeInIndex = 0; path = GameOfThronesMusicPlayerMVVM.app; sourceTree = BUILT_PRODUCTS_DIR; };
		2A31823A2C19AFDF00AFF78C /* AppDelegate.swift */ = {isa = PBXFileReference; lastKnownFileType = sourcecode.swift; path = AppDelegate.swift; sourceTree = "<group>"; };
		2A31823C2C19AFDF00AFF78C /* SceneDelegate.swift */ = {isa = PBXFileReference; lastKnownFileType = sourcecode.swift; path = SceneDelegate.swift; sourceTree = "<group>"; };
		2A31823E2C19AFDF00AFF78C /* MusicViewController.swift */ = {isa = PBXFileReference; lastKnownFileType = sourcecode.swift; path = MusicViewController.swift; sourceTree = "<group>"; };
		2A3182432C19AFE100AFF78C /* Assets.xcassets */ = {isa = PBXFileReference; lastKnownFileType = folder.assetcatalog; path = Assets.xcassets; sourceTree = "<group>"; };
		2A3182462C19AFE100AFF78C /* Base */ = {isa = PBXFileReference; lastKnownFileType = file.storyboard; name = Base; path = Base.lproj/LaunchScreen.storyboard; sourceTree = "<group>"; };
		2A3182482C19AFE100AFF78C /* Info.plist */ = {isa = PBXFileReference; lastKnownFileType = text.plist.xml; path = Info.plist; sourceTree = "<group>"; };
		2A31824E2C19B1C500AFF78C /* MusicTableViewCell.swift */ = {isa = PBXFileReference; lastKnownFileType = sourcecode.swift; path = MusicTableViewCell.swift; sourceTree = "<group>"; };
		2A3182502C19B1D700AFF78C /* PlayerViewController.swift */ = {isa = PBXFileReference; lastKnownFileType = sourcecode.swift; path = PlayerViewController.swift; sourceTree = "<group>"; };
		2A3182522C19B1FB00AFF78C /* UIView+Extension.swift */ = {isa = PBXFileReference; lastKnownFileType = sourcecode.swift; path = "UIView+Extension.swift"; sourceTree = "<group>"; };
		2A3182552C19B26700AFF78C /* ARavenFromKingsLanding.mp3 */ = {isa = PBXFileReference; lastKnownFileType = audio.mp3; path = ARavenFromKingsLanding.mp3; sourceTree = "<group>"; };
		2A3182562C19B26700AFF78C /* MainTitle.mp3 */ = {isa = PBXFileReference; lastKnownFileType = audio.mp3; path = MainTitle.mp3; sourceTree = "<group>"; };
		2A3182572C19B26800AFF78C /* HouseofBlackandWhite.mp3 */ = {isa = PBXFileReference; lastKnownFileType = audio.mp3; path = HouseofBlackandWhite.mp3; sourceTree = "<group>"; };
		2A3182582C19B26800AFF78C /* WarriorOfLight.mp3 */ = {isa = PBXFileReference; lastKnownFileType = audio.mp3; path = WarriorOfLight.mp3; sourceTree = "<group>"; };
		2A3182592C19B26800AFF78C /* BloodOfTheDragon.mp3 */ = {isa = PBXFileReference; lastKnownFileType = audio.mp3; path = BloodOfTheDragon.mp3; sourceTree = "<group>"; };
		2A31825A2C19B26800AFF78C /* TheRedWoman.mp3 */ = {isa = PBXFileReference; lastKnownFileType = audio.mp3; path = TheRedWoman.mp3; sourceTree = "<group>"; };
		2A31825B2C19B26800AFF78C /* TheOldGodsAndTheNew.mp3 */ = {isa = PBXFileReference; lastKnownFileType = audio.mp3; path = TheOldGodsAndTheNew.mp3; sourceTree = "<group>"; };
		2A31825C2C19B26800AFF78C /* Khaleesi.mp3 */ = {isa = PBXFileReference; lastKnownFileType = audio.mp3; path = Khaleesi.mp3; sourceTree = "<group>"; };
		2A31825D2C19B26800AFF78C /* MotherOfDragons.mp3 */ = {isa = PBXFileReference; lastKnownFileType = audio.mp3; path = MotherOfDragons.mp3; sourceTree = "<group>"; };
		2A31825E2C19B26800AFF78C /* LightoftheSeven.mp3 */ = {isa = PBXFileReference; lastKnownFileType = audio.mp3; path = LightoftheSeven.mp3; sourceTree = "<group>"; };
		2A31825F2C19B26800AFF78C /* Finale.mp3 */ = {isa = PBXFileReference; lastKnownFileType = audio.mp3; path = Finale.mp3; sourceTree = "<group>"; };
		2A3182602C19B26800AFF78C /* WinterIsHere.mp3 */ = {isa = PBXFileReference; lastKnownFileType = audio.mp3; path = WinterIsHere.mp3; sourceTree = "<group>"; };
		2A3182612C19B26800AFF78C /* DanceOfDragons.mp3 */ = {isa = PBXFileReference; lastKnownFileType = audio.mp3; path = DanceOfDragons.mp3; sourceTree = "<group>"; };
		2A3182622C19B26800AFF78C /* Mhysa.mp3 */ = {isa = PBXFileReference; lastKnownFileType = audio.mp3; path = Mhysa.mp3; sourceTree = "<group>"; };
		2A3182712C19B2B500AFF78C /* Model.swift */ = {isa = PBXFileReference; lastKnownFileType = sourcecode.swift; path = Model.swift; sourceTree = "<group>"; };
		2A31829C2C19C00000AFF78C /* Game of Thrones.ttf */ = {isa = PBXFileReference; lastKnownFileType = file; path = "Game of Thrones.ttf"; sourceTree = "<group>"; };
		2A31829F2C19C0EC00AFF78C /* UIFont+Extension.swift */ = {isa = PBXFileReference; lastKnownFileType = sourcecode.swift; path = "UIFont+Extension.swift"; sourceTree = "<group>"; };
		2A7F7E722C70B3AF00FF8BAB /* PlayerView.swift */ = {isa = PBXFileReference; lastKnownFileType = sourcecode.swift; path = PlayerView.swift; sourceTree = "<group>"; };
		2A7F7E742C70B60E00FF8BAB /* PlayerViewViewModel.swift */ = {isa = PBXFileReference; lastKnownFileType = sourcecode.swift; path = PlayerViewViewModel.swift; sourceTree = "<group>"; };
		2AC519762C5CE70300463692 /* MusicListController.swift */ = {isa = PBXFileReference; lastKnownFileType = sourcecode.swift; path = MusicListController.swift; sourceTree = "<group>"; };
		2AC519782C5CE78000463692 /* MusicListView.swift */ = {isa = PBXFileReference; lastKnownFileType = sourcecode.swift; path = MusicListView.swift; sourceTree = "<group>"; };
		2AC5197B2C5CE86B00463692 /* MusicListViewModel.swift */ = {isa = PBXFileReference; lastKnownFileType = sourcecode.swift; path = MusicListViewModel.swift; sourceTree = "<group>"; };
		2AC5197D2C5D148A00463692 /* MusicListTableViewCellViewModel.swift */ = {isa = PBXFileReference; lastKnownFileType = sourcecode.swift; path = MusicListTableViewCellViewModel.swift; sourceTree = "<group>"; };
/* End PBXFileReference section */

/* Begin PBXFrameworksBuildPhase section */
		2A3182342C19AFDF00AFF78C /* Frameworks */ = {
			isa = PBXFrameworksBuildPhase;
			buildActionMask = 2147483647;
			files = (
			);
			runOnlyForDeploymentPostprocessing = 0;
		};
/* End PBXFrameworksBuildPhase section */

/* Begin PBXGroup section */
		2A31822E2C19AFDF00AFF78C = {
			isa = PBXGroup;
			children = (
				2A3182392C19AFDF00AFF78C /* GameOfThronesMusicPlayerMVVM */,
				2A3182382C19AFDF00AFF78C /* Products */,
			);
			sourceTree = "<group>";
		};
		2A3182382C19AFDF00AFF78C /* Products */ = {
			isa = PBXGroup;
			children = (
				2A3182372C19AFDF00AFF78C /* GameOfThronesMusicPlayerMVVM.app */,
			);
			name = Products;
			sourceTree = "<group>";
		};
		2A3182392C19AFDF00AFF78C /* GameOfThronesMusicPlayerMVVM */ = {
			isa = PBXGroup;
			children = (
				2A3182732C19B2F100AFF78C /* Model */,
				2A3182782C19B40000AFF78C /* Views */,
				2AC5197A2C5CE81F00463692 /* ViewModel */,
				2A3182772C19B3E600AFF78C /* Controllers */,
				2A3182762C19B37800AFF78C /* Application */,
				2A3182752C19B36500AFF78C /* Extensions */,
				2A3182742C19B30D00AFF78C /* Supporting Files */,
				2A3182992C19BF6100AFF78C /* Resources */,
			);
			path = GameOfThronesMusicPlayerMVVM;
			sourceTree = "<group>";
		};
		2A3182542C19B22B00AFF78C /* Audio */ = {
			isa = PBXGroup;
			children = (
				2A3182552C19B26700AFF78C /* ARavenFromKingsLanding.mp3 */,
				2A3182592C19B26800AFF78C /* BloodOfTheDragon.mp3 */,
				2A3182612C19B26800AFF78C /* DanceOfDragons.mp3 */,
				2A31825F2C19B26800AFF78C /* Finale.mp3 */,
				2A3182572C19B26800AFF78C /* HouseofBlackandWhite.mp3 */,
				2A31825C2C19B26800AFF78C /* Khaleesi.mp3 */,
				2A31825E2C19B26800AFF78C /* LightoftheSeven.mp3 */,
				2A3182562C19B26700AFF78C /* MainTitle.mp3 */,
				2A3182622C19B26800AFF78C /* Mhysa.mp3 */,
				2A31825D2C19B26800AFF78C /* MotherOfDragons.mp3 */,
				2A31825B2C19B26800AFF78C /* TheOldGodsAndTheNew.mp3 */,
				2A31825A2C19B26800AFF78C /* TheRedWoman.mp3 */,
				2A3182582C19B26800AFF78C /* WarriorOfLight.mp3 */,
				2A3182602C19B26800AFF78C /* WinterIsHere.mp3 */,
			);
			path = Audio;
			sourceTree = "<group>";
		};
		2A3182732C19B2F100AFF78C /* Model */ = {
			isa = PBXGroup;
			children = (
				2A3182712C19B2B500AFF78C /* Model.swift */,
			);
			path = Model;
			sourceTree = "<group>";
		};
		2A3182742C19B30D00AFF78C /* Supporting Files */ = {
			isa = PBXGroup;
			children = (
				2A3182432C19AFE100AFF78C /* Assets.xcassets */,
				2A3182452C19AFE100AFF78C /* LaunchScreen.storyboard */,
				2A3182482C19AFE100AFF78C /* Info.plist */,
			);
			path = "Supporting Files";
			sourceTree = "<group>";
		};
		2A3182752C19B36500AFF78C /* Extensions */ = {
			isa = PBXGroup;
			children = (
				2A3182522C19B1FB00AFF78C /* UIView+Extension.swift */,
				2A31829F2C19C0EC00AFF78C /* UIFont+Extension.swift */,
			);
			path = Extensions;
			sourceTree = "<group>";
		};
		2A3182762C19B37800AFF78C /* Application */ = {
			isa = PBXGroup;
			children = (
				2A31823A2C19AFDF00AFF78C /* AppDelegate.swift */,
				2A31823C2C19AFDF00AFF78C /* SceneDelegate.swift */,
			);
			path = Application;
			sourceTree = "<group>";
		};
		2A3182772C19B3E600AFF78C /* Controllers */ = {
			isa = PBXGroup;
			children = (
				2A31823E2C19AFDF00AFF78C /* MusicViewController.swift */,
				2A3182502C19B1D700AFF78C /* PlayerViewController.swift */,
				2AC519762C5CE70300463692 /* MusicListController.swift */,
			);
			path = Controllers;
			sourceTree = "<group>";
		};
		2A3182782C19B40000AFF78C /* Views */ = {
			isa = PBXGroup;
			children = (
				2AC519782C5CE78000463692 /* MusicListView.swift */,
				2A31824E2C19B1C500AFF78C /* MusicTableViewCell.swift */,
				2A7F7E722C70B3AF00FF8BAB /* PlayerView.swift */,
			);
			path = Views;
			sourceTree = "<group>";
		};
		2A3182992C19BF6100AFF78C /* Resources */ = {
			isa = PBXGroup;
			children = (
				2A3182542C19B22B00AFF78C /* Audio */,
				2A31829A2C19BF9B00AFF78C /* Font */,
			);
			path = Resources;
			sourceTree = "<group>";
		};
		2A31829A2C19BF9B00AFF78C /* Font */ = {
			isa = PBXGroup;
			children = (
				2A31829C2C19C00000AFF78C /* Game of Thrones.ttf */,
			);
			path = Font;
			sourceTree = "<group>";
		};
		2AC5197A2C5CE81F00463692 /* ViewModel */ = {
			isa = PBXGroup;
			children = (
				2AC5197B2C5CE86B00463692 /* MusicListViewModel.swift */,
				2AC5197D2C5D148A00463692 /* MusicListTableViewCellViewModel.swift */,
				2A7F7E742C70B60E00FF8BAB /* PlayerViewViewModel.swift */,
			);
			path = ViewModel;
			sourceTree = "<group>";
		};
/* End PBXGroup section */

/* Begin PBXNativeTarget section */
		2A3182362C19AFDF00AFF78C /* GameOfThronesMusicPlayerMVVM */ = {
			isa = PBXNativeTarget;
			buildConfigurationList = 2A31824B2C19AFE100AFF78C /* Build configuration list for PBXNativeTarget "GameOfThronesMusicPlayerMVVM" */;
			buildPhases = (
				2A3182332C19AFDF00AFF78C /* Sources */,
				2A3182342C19AFDF00AFF78C /* Frameworks */,
				2A3182352C19AFDF00AFF78C /* Resources */,
			);
			buildRules = (
			);
			dependencies = (
			);
			name = GameOfThronesMusicPlayerMVVM;
			productName = GameOfThronesMusicPlayer;
			productReference = 2A3182372C19AFDF00AFF78C /* GameOfThronesMusicPlayerMVVM.app */;
			productType = "com.apple.product-type.application";
		};
/* End PBXNativeTarget section */

/* Begin PBXProject section */
		2A31822F2C19AFDF00AFF78C /* Project object */ = {
			isa = PBXProject;
			attributes = {
				BuildIndependentTargetsInParallel = 1;
				LastSwiftUpdateCheck = 1520;
				LastUpgradeCheck = 1520;
				TargetAttributes = {
					2A3182362C19AFDF00AFF78C = {
						CreatedOnToolsVersion = 15.2;
					};
				};
			};
			buildConfigurationList = 2A3182322C19AFDF00AFF78C /* Build configuration list for PBXProject "GameOfThronesMusicPlayerMVVM" */;
			compatibilityVersion = "Xcode 14.0";
			developmentRegion = en;
			hasScannedForEncodings = 0;
			knownRegions = (
				en,
				Base,
			);
			mainGroup = 2A31822E2C19AFDF00AFF78C;
			productRefGroup = 2A3182382C19AFDF00AFF78C /* Products */;
			projectDirPath = "";
			projectRoot = "";
			targets = (
				2A3182362C19AFDF00AFF78C /* GameOfThronesMusicPlayerMVVM */,
			);
		};
/* End PBXProject section */

/* Begin PBXResourcesBuildPhase section */
		2A3182352C19AFDF00AFF78C /* Resources */ = {
			isa = PBXResourcesBuildPhase;
			buildActionMask = 2147483647;
			files = (
				2A3182632C19B26800AFF78C /* ARavenFromKingsLanding.mp3 in Resources */,
				2A31829D2C19C00000AFF78C /* Game of Thrones.ttf in Resources */,
				2A3182672C19B26800AFF78C /* BloodOfTheDragon.mp3 in Resources */,
				2A3182472C19AFE100AFF78C /* LaunchScreen.storyboard in Resources */,
				2A3182682C19B26800AFF78C /* TheRedWoman.mp3 in Resources */,
				2A31826C2C19B26800AFF78C /* LightoftheSeven.mp3 in Resources */,
				2A3182692C19B26800AFF78C /* TheOldGodsAndTheNew.mp3 in Resources */,
				2A3182652C19B26800AFF78C /* HouseofBlackandWhite.mp3 in Resources */,
				2A31826A2C19B26800AFF78C /* Khaleesi.mp3 in Resources */,
				2A3182662C19B26800AFF78C /* WarriorOfLight.mp3 in Resources */,
				2A3182702C19B26800AFF78C /* Mhysa.mp3 in Resources */,
				2A31826E2C19B26800AFF78C /* WinterIsHere.mp3 in Resources */,
				2A31826F2C19B26800AFF78C /* DanceOfDragons.mp3 in Resources */,
				2A3182642C19B26800AFF78C /* MainTitle.mp3 in Resources */,
				2A3182442C19AFE100AFF78C /* Assets.xcassets in Resources */,
				2A31826D2C19B26800AFF78C /* Finale.mp3 in Resources */,
				2A31826B2C19B26800AFF78C /* MotherOfDragons.mp3 in Resources */,
			);
			runOnlyForDeploymentPostprocessing = 0;
		};
/* End PBXResourcesBuildPhase section */

/* Begin PBXSourcesBuildPhase section */
		2A3182332C19AFDF00AFF78C /* Sources */ = {
			isa = PBXSourcesBuildPhase;
			buildActionMask = 2147483647;
			files = (
				2AC5197E2C5D148A00463692 /* MusicListTableViewCellViewModel.swift in Sources */,
				2AC519792C5CE78000463692 /* MusicListView.swift in Sources */,
				2A3182722C19B2B500AFF78C /* Model.swift in Sources */,
				2A31823F2C19AFDF00AFF78C /* MusicViewController.swift in Sources */,
				2A3182532C19B1FB00AFF78C /* UIView+Extension.swift in Sources */,
				2A31823B2C19AFDF00AFF78C /* AppDelegate.swift in Sources */,
				2A31823D2C19AFDF00AFF78C /* SceneDelegate.swift in Sources */,
				2A7F7E732C70B3AF00FF8BAB /* PlayerView.swift in Sources */,
				2A31824F2C19B1C500AFF78C /* MusicTableViewCell.swift in Sources */,
				2AC5197C2C5CE86B00463692 /* MusicListViewModel.swift in Sources */,
				2A7F7E752C70B60E00FF8BAB /* PlayerViewViewModel.swift in Sources */,
				2A3182A02C19C0EC00AFF78C /* UIFont+Extension.swift in Sources */,
				2A3182512C19B1D700AFF78C /* PlayerViewController.swift in Sources */,
				2AC519772C5CE70300463692 /* MusicListController.swift in Sources */,
			);
			runOnlyForDeploymentPostprocessing = 0;
		};
/* End PBXSourcesBuildPhase section */

/* Begin PBXVariantGroup section */
		2A3182452C19AFE100AFF78C /* LaunchScreen.storyboard */ = {
			isa = PBXVariantGroup;
			children = (
				2A3182462C19AFE100AFF78C /* Base */,
			);
			name = LaunchScreen.storyboard;
			sourceTree = "<group>";
		};
/* End PBXVariantGroup section */

/* Begin XCBuildConfiguration section */
		2A3182492C19AFE100AFF78C /* Debug */ = {
			isa = XCBuildConfiguration;
			buildSettings = {
				ALWAYS_SEARCH_USER_PATHS = NO;
				ASSETCATALOG_COMPILER_GENERATE_SWIFT_ASSET_SYMBOL_EXTENSIONS = YES;
				CLANG_ANALYZER_NONNULL = YES;
				CLANG_ANALYZER_NUMBER_OBJECT_CONVERSION = YES_AGGRESSIVE;
				CLANG_CXX_LANGUAGE_STANDARD = "gnu++20";
				CLANG_ENABLE_MODULES = YES;
				CLANG_ENABLE_OBJC_ARC = YES;
				CLANG_ENABLE_OBJC_WEAK = YES;
				CLANG_WARN_BLOCK_CAPTURE_AUTORELEASING = YES;
				CLANG_WARN_BOOL_CONVERSION = YES;
				CLANG_WARN_COMMA = YES;
				CLANG_WARN_CONSTANT_CONVERSION = YES;
				CLANG_WARN_DEPRECATED_OBJC_IMPLEMENTATIONS = YES;
				CLANG_WARN_DIRECT_OBJC_ISA_USAGE = YES_ERROR;
				CLANG_WARN_DOCUMENTATION_COMMENTS = YES;
				CLANG_WARN_EMPTY_BODY = YES;
				CLANG_WARN_ENUM_CONVERSION = YES;
				CLANG_WARN_INFINITE_RECURSION = YES;
				CLANG_WARN_INT_CONVERSION = YES;
				CLANG_WARN_NON_LITERAL_NULL_CONVERSION = YES;
				CLANG_WARN_OBJC_IMPLICIT_RETAIN_SELF = YES;
				CLANG_WARN_OBJC_LITERAL_CONVERSION = YES;
				CLANG_WARN_OBJC_ROOT_CLASS = YES_ERROR;
				CLANG_WARN_QUOTED_INCLUDE_IN_FRAMEWORK_HEADER = YES;
				CLANG_WARN_RANGE_LOOP_ANALYSIS = YES;
				CLANG_WARN_STRICT_PROTOTYPES = YES;
				CLANG_WARN_SUSPICIOUS_MOVE = YES;
				CLANG_WARN_UNGUARDED_AVAILABILITY = YES_AGGRESSIVE;
				CLANG_WARN_UNREACHABLE_CODE = YES;
				CLANG_WARN__DUPLICATE_METHOD_MATCH = YES;
				COPY_PHASE_STRIP = NO;
				DEBUG_INFORMATION_FORMAT = dwarf;
				ENABLE_STRICT_OBJC_MSGSEND = YES;
				ENABLE_TESTABILITY = YES;
				ENABLE_USER_SCRIPT_SANDBOXING = YES;
				GCC_C_LANGUAGE_STANDARD = gnu17;
				GCC_DYNAMIC_NO_PIC = NO;
				GCC_NO_COMMON_BLOCKS = YES;
				GCC_OPTIMIZATION_LEVEL = 0;
				GCC_PREPROCESSOR_DEFINITIONS = (
					"DEBUG=1",
					"$(inherited)",
				);
				GCC_WARN_64_TO_32_BIT_CONVERSION = YES;
				GCC_WARN_ABOUT_RETURN_TYPE = YES_ERROR;
				GCC_WARN_UNDECLARED_SELECTOR = YES;
				GCC_WARN_UNINITIALIZED_AUTOS = YES_AGGRESSIVE;
				GCC_WARN_UNUSED_FUNCTION = YES;
				GCC_WARN_UNUSED_VARIABLE = YES;
				IPHONEOS_DEPLOYMENT_TARGET = 17.2;
				LOCALIZATION_PREFERS_STRING_CATALOGS = YES;
				MTL_ENABLE_DEBUG_INFO = INCLUDE_SOURCE;
				MTL_FAST_MATH = YES;
				ONLY_ACTIVE_ARCH = YES;
				SDKROOT = iphoneos;
				SWIFT_ACTIVE_COMPILATION_CONDITIONS = "DEBUG $(inherited)";
				SWIFT_OPTIMIZATION_LEVEL = "-Onone";
			};
			name = Debug;
		};
		2A31824A2C19AFE100AFF78C /* Release */ = {
			isa = XCBuildConfiguration;
			buildSettings = {
				ALWAYS_SEARCH_USER_PATHS = NO;
				ASSETCATALOG_COMPILER_GENERATE_SWIFT_ASSET_SYMBOL_EXTENSIONS = YES;
				CLANG_ANALYZER_NONNULL = YES;
				CLANG_ANALYZER_NUMBER_OBJECT_CONVERSION = YES_AGGRESSIVE;
				CLANG_CXX_LANGUAGE_STANDARD = "gnu++20";
				CLANG_ENABLE_MODULES = YES;
				CLANG_ENABLE_OBJC_ARC = YES;
				CLANG_ENABLE_OBJC_WEAK = YES;
				CLANG_WARN_BLOCK_CAPTURE_AUTORELEASING = YES;
				CLANG_WARN_BOOL_CONVERSION = YES;
				CLANG_WARN_COMMA = YES;
				CLANG_WARN_CONSTANT_CONVERSION = YES;
				CLANG_WARN_DEPRECATED_OBJC_IMPLEMENTATIONS = YES;
				CLANG_WARN_DIRECT_OBJC_ISA_USAGE = YES_ERROR;
				CLANG_WARN_DOCUMENTATION_COMMENTS = YES;
				CLANG_WARN_EMPTY_BODY = YES;
				CLANG_WARN_ENUM_CONVERSION = YES;
				CLANG_WARN_INFINITE_RECURSION = YES;
				CLANG_WARN_INT_CONVERSION = YES;
				CLANG_WARN_NON_LITERAL_NULL_CONVERSION = YES;
				CLANG_WARN_OBJC_IMPLICIT_RETAIN_SELF = YES;
				CLANG_WARN_OBJC_LITERAL_CONVERSION = YES;
				CLANG_WARN_OBJC_ROOT_CLASS = YES_ERROR;
				CLANG_WARN_QUOTED_INCLUDE_IN_FRAMEWORK_HEADER = YES;
				CLANG_WARN_RANGE_LOOP_ANALYSIS = YES;
				CLANG_WARN_STRICT_PROTOTYPES = YES;
				CLANG_WARN_SUSPICIOUS_MOVE = YES;
				CLANG_WARN_UNGUARDED_AVAILABILITY = YES_AGGRESSIVE;
				CLANG_WARN_UNREACHABLE_CODE = YES;
				CLANG_WARN__DUPLICATE_METHOD_MATCH = YES;
				COPY_PHASE_STRIP = NO;
				DEBUG_INFORMATION_FORMAT = "dwarf-with-dsym";
				ENABLE_NS_ASSERTIONS = NO;
				ENABLE_STRICT_OBJC_MSGSEND = YES;
				ENABLE_USER_SCRIPT_SANDBOXING = YES;
				GCC_C_LANGUAGE_STANDARD = gnu17;
				GCC_NO_COMMON_BLOCKS = YES;
				GCC_WARN_64_TO_32_BIT_CONVERSION = YES;
				GCC_WARN_ABOUT_RETURN_TYPE = YES_ERROR;
				GCC_WARN_UNDECLARED_SELECTOR = YES;
				GCC_WARN_UNINITIALIZED_AUTOS = YES_AGGRESSIVE;
				GCC_WARN_UNUSED_FUNCTION = YES;
				GCC_WARN_UNUSED_VARIABLE = YES;
				IPHONEOS_DEPLOYMENT_TARGET = 17.2;
				LOCALIZATION_PREFERS_STRING_CATALOGS = YES;
				MTL_ENABLE_DEBUG_INFO = NO;
				MTL_FAST_MATH = YES;
				SDKROOT = iphoneos;
				SWIFT_COMPILATION_MODE = wholemodule;
				VALIDATE_PRODUCT = YES;
			};
			name = Release;
		};
		2A31824C2C19AFE100AFF78C /* Debug */ = {
			isa = XCBuildConfiguration;
			buildSettings = {
				ASSETCATALOG_COMPILER_APPICON_NAME = AppIcon;
				ASSETCATALOG_COMPILER_GLOBAL_ACCENT_COLOR_NAME = AccentColor;
				CODE_SIGN_STYLE = Automatic;
				CURRENT_PROJECT_VERSION = 1;
				DEVELOPMENT_TEAM = TFQ2BSWG6K;
				GENERATE_INFOPLIST_FILE = YES;
				INFOPLIST_FILE = "GameOfThronesMusicPlayerMVVM/Supporting Files/Info.plist";
				INFOPLIST_KEY_UIApplicationSupportsIndirectInputEvents = YES;
				INFOPLIST_KEY_UILaunchStoryboardName = LaunchScreen;
				INFOPLIST_KEY_UISupportedInterfaceOrientations = UIInterfaceOrientationPortrait;
				IPHONEOS_DEPLOYMENT_TARGET = 15.0;
				LD_RUNPATH_SEARCH_PATHS = (
					"$(inherited)",
					"@executable_path/Frameworks",
				);
				MARKETING_VERSION = 1.0;
				PRODUCT_BUNDLE_IDENTIFIER = ru.sergei.anisimov.GameOfThronesMusicPlayerMVVM;
				PRODUCT_NAME = "$(TARGET_NAME)";
				SWIFT_EMIT_LOC_STRINGS = YES;
				SWIFT_VERSION = 5.0;
				TARGETED_DEVICE_FAMILY = "1,2";
			};
			name = Debug;
		};
		2A31824D2C19AFE100AFF78C /* Release */ = {
			isa = XCBuildConfiguration;
			buildSettings = {
				ASSETCATALOG_COMPILER_APPICON_NAME = AppIcon;
				ASSETCATALOG_COMPILER_GLOBAL_ACCENT_COLOR_NAME = AccentColor;
				CODE_SIGN_STYLE = Automatic;
				CURRENT_PROJECT_VERSION = 1;
				DEVELOPMENT_TEAM = TFQ2BSWG6K;
				GENERATE_INFOPLIST_FILE = YES;
				INFOPLIST_FILE = "GameOfThronesMusicPlayerMVVM/Supporting Files/Info.plist";
				INFOPLIST_KEY_UIApplicationSupportsIndirectInputEvents = YES;
				INFOPLIST_KEY_UILaunchStoryboardName = LaunchScreen;
				INFOPLIST_KEY_UISupportedInterfaceOrientations = UIInterfaceOrientationPortrait;
				IPHONEOS_DEPLOYMENT_TARGET = 15.0;
				LD_RUNPATH_SEARCH_PATHS = (
					"$(inherited)",
					"@executable_path/Frameworks",
				);
				MARKETING_VERSION = 1.0;
				PRODUCT_BUNDLE_IDENTIFIER = ru.sergei.anisimov.GameOfThronesMusicPlayerMVVM;
				PRODUCT_NAME = "$(TARGET_NAME)";
				SWIFT_EMIT_LOC_STRINGS = YES;
				SWIFT_VERSION = 5.0;
				TARGETED_DEVICE_FAMILY = "1,2";
			};
			name = Release;
		};
/* End XCBuildConfiguration section */

/* Begin XCConfigurationList section */
		2A3182322C19AFDF00AFF78C /* Build configuration list for PBXProject "GameOfThronesMusicPlayerMVVM" */ = {
			isa = XCConfigurationList;
			buildConfigurations = (
				2A3182492C19AFE100AFF78C /* Debug */,
				2A31824A2C19AFE100AFF78C /* Release */,
			);
			defaultConfigurationIsVisible = 0;
			defaultConfigurationName = Release;
		};
		2A31824B2C19AFE100AFF78C /* Build configuration list for PBXNativeTarget "GameOfThronesMusicPlayerMVVM" */ = {
			isa = XCConfigurationList;
			buildConfigurations = (
				2A31824C2C19AFE100AFF78C /* Debug */,
				2A31824D2C19AFE100AFF78C /* Release */,
			);
			defaultConfigurationIsVisible = 0;
			defaultConfigurationName = Release;
		};
/* End XCConfigurationList section */
	};
	rootObject = 2A31822F2C19AFDF00AFF78C /* Project object */;
}
